# THIS IS AN AUTOGENERATED FILE. DO NOT EDIT THIS FILE DIRECTLY.
# yarn lockfile v1


"@figma/plugin-typings@*":
  version "1.86.0"
  resolved "https://registry.yarnpkg.com/@figma/plugin-typings/-/plugin-typings-1.86.0.tgz#748ae574121eda7f06b43d0ce80e40e06a4a69cc"
  integrity sha512-dtdezfZc6h2QLfj1Kd6jrmIdnBrT7Hq7FmLWa9GIuyII8enMjuX1xFidgYehoNWTDdIJOG92zXof1rvROYAgYA==

typescript@*:
  version "5.3.3"
  resolved "https://registry.yarnpkg.com/typescript/-/typescript-5.3.3.tgz#b3ce6ba258e72e6305ba66f5c9b452aaee3ffe37"
  integrity sha512-pXWcraxM0uxAS+tN0AG/BF2TyqmHO014Z070UsJ+pFvYuRSq8KH8DmWpnbXe0pEPDHXZV3FcAbJkijJ5oNEnWw==
